
Microsoft Visual Studio Solution File, Format Version 12.00
# Visual Studio 15
VisualStudioVersion = 15.0.28307.136
MinimumVisualStudioVersion = 10.0.40219.1
Project("{9A19103F-16F7-4668-BE54-9A1E7A4F7556}") = "eShoping", "eShoping\eShoping.csproj", "{874F4AD0-8668-4073-892A-E832F98F1A5C}"
EndProject
Global
	GlobalSection(SolutionConfigurationPlatforms) = preSolution
		Debug|Any CPU = Debug|Any CPU
		Release|Any CPU = Release|Any CPU
	EndGlobalSection
	GlobalSection(ProjectConfigurationPlatforms) = postSolution
		{874F4AD0-8668-4073-892A-E832F98F1A5C}.Debug|Any CPU.ActiveCfg = Debug|Any CPU
		{874F4AD0-8668-4073-892A-E832F98F1A5C}.Debug|Any CPU.Build.0 = Debug|Any CPU
		{874F4AD0-8668-4073-892A-E832F98F1A5C}.Release|Any CPU.ActiveCfg = Release|Any CPU
		{874F4AD0-8668-4073-892A-E832F98F1A5C}.Release|Any CPU.Build.0 = Release|Any CPU
	EndGlobalSection
	GlobalSection(SolutionProperties) = preSolution
		HideSolutionNode = FALSE
	EndGlobalSection
	GlobalSection(ExtensibilityGlobals) = postSolution
		SolutionGuid = {2B31D56E-C293-4603-B5E8-5372D9E1B890}
	EndGlobalSection
EndGlobal
